
Microsoft Visual Studio Solution File, Format Version 12.00
Project("{FAE04EC0-301F-11D3-BF4B-00C04F79EFBC}") = "ControlApi", "ControlApi\ControlApi.csproj", "{C8537DC4-E1AE-41FF-A3C4-A18C23D64531}"
EndProject
Global
	GlobalSection(SolutionConfigurationPlatforms) = preSolution
		Debug|Any CPU = Debug|Any CPU
		Release|Any CPU = Release|Any CPU
	EndGlobalSection
	GlobalSection(ProjectConfigurationPlatforms) = postSolution
		{C8537DC4-E1AE-41FF-A3C4-A18C23D64531}.Debug|Any CPU.ActiveCfg = Debug|Any CPU
		{C8537DC4-E1AE-41FF-A3C4-A18C23D64531}.Debug|Any CPU.Build.0 = Debug|Any CPU
		{C8537DC4-E1AE-41FF-A3C4-A18C23D64531}.Release|Any CPU.ActiveCfg = Release|Any CPU
		{C8537DC4-E1AE-41FF-A3C4-A18C23D64531}.Release|Any CPU.Build.0 = Release|Any CPU
	EndGlobalSection
EndGlobal
