
Microsoft Visual Studio Solution File, Format Version 12.00
Project("{FAE04EC0-301F-11D3-BF4B-00C04F79EFBC}") = "Frontend_Dashboard", "Frontend_Dashboard\Frontend_Dashboard.csproj", "{839C2B31-39DF-4A6E-A61A-C5C0FF655F73}"
EndProject
Global
	GlobalSection(SolutionConfigurationPlatforms) = preSolution
		Debug|Any CPU = Debug|Any CPU
		Release|Any CPU = Release|Any CPU
	EndGlobalSection
	GlobalSection(ProjectConfigurationPlatforms) = postSolution
		{839C2B31-39DF-4A6E-A61A-C5C0FF655F73}.Debug|Any CPU.ActiveCfg = Debug|Any CPU
		{839C2B31-39DF-4A6E-A61A-C5C0FF655F73}.Debug|Any CPU.Build.0 = Debug|Any CPU
		{839C2B31-39DF-4A6E-A61A-C5C0FF655F73}.Release|Any CPU.ActiveCfg = Release|Any CPU
		{839C2B31-39DF-4A6E-A61A-C5C0FF655F73}.Release|Any CPU.Build.0 = Release|Any CPU
	EndGlobalSection
EndGlobal
